
Microsoft Visual Studio Solution File, Format Version 12.00
# Visual Studio Version 16
VisualStudioVersion = 16.0.30607.51
MinimumVisualStudioVersion = 10.0.40219.1
Project("{FAE04EC0-301F-11D3-BF4B-00C04F79EFBC}") = "AlgorithmsExamples", "AlgorithmsExamples\AlgorithmsExamples.csproj", "{E16C5F98-10E4-413B-BE1D-C7F3FFF6404C}"
EndProject
Global
	GlobalSection(SolutionConfigurationPlatforms) = preSolution
		Debug|Any CPU = Debug|Any CPU
		Release|Any CPU = Release|Any CPU
	EndGlobalSection
	GlobalSection(ProjectConfigurationPlatforms) = postSolution
		{E16C5F98-10E4-413B-BE1D-C7F3FFF6404C}.Debug|Any CPU.ActiveCfg = Debug|Any CPU
		{E16C5F98-10E4-413B-BE1D-C7F3FFF6404C}.Debug|Any CPU.Build.0 = Debug|Any CPU
		{E16C5F98-10E4-413B-BE1D-C7F3FFF6404C}.Release|Any CPU.ActiveCfg = Release|Any CPU
		{E16C5F98-10E4-413B-BE1D-C7F3FFF6404C}.Release|Any CPU.Build.0 = Release|Any CPU
	EndGlobalSection
	GlobalSection(SolutionProperties) = preSolution
		HideSolutionNode = FALSE
	EndGlobalSection
	GlobalSection(ExtensibilityGlobals) = postSolution
		SolutionGuid = {1287BE43-E376-433F-9403-65F0A0C56D3F}
	EndGlobalSection
EndGlobal
